
Microsoft Visual Studio Solution File, Format Version 12.00
# Visual Studio Version 16
VisualStudioVersion = 16.0.28803.202
MinimumVisualStudioVersion = 10.0.40219.1
Project("{FAE04EC0-301F-11D3-BF4B-00C04F79EFBC}") = "WinFormsAlapok", "WinFormsAlapok\WinFormsAlapok.csproj", "{641D182E-811A-4455-B5F0-C774AC129DE4}"
EndProject
Global
	GlobalSection(SolutionConfigurationPlatforms) = preSolution
		Debug|Any CPU = Debug|Any CPU
		Release|Any CPU = Release|Any CPU
	EndGlobalSection
	GlobalSection(ProjectConfigurationPlatforms) = postSolution
		{641D182E-811A-4455-B5F0-C774AC129DE4}.Debug|Any CPU.ActiveCfg = Debug|Any CPU
		{641D182E-811A-4455-B5F0-C774AC129DE4}.Debug|Any CPU.Build.0 = Debug|Any CPU
		{641D182E-811A-4455-B5F0-C774AC129DE4}.Release|Any CPU.ActiveCfg = Release|Any CPU
		{641D182E-811A-4455-B5F0-C774AC129DE4}.Release|Any CPU.Build.0 = Release|Any CPU
	EndGlobalSection
	GlobalSection(SolutionProperties) = preSolution
		HideSolutionNode = FALSE
	EndGlobalSection
	GlobalSection(ExtensibilityGlobals) = postSolution
		SolutionGuid = {A8F5A324-0C5F-45F8-8DD3-1340C631B839}
	EndGlobalSection
EndGlobal
